
Microsoft Visual Studio Solution File, Format Version 12.00
# Visual Studio Version 16
VisualStudioVersion = 16.0.32106.194
MinimumVisualStudioVersion = 10.0.40219.1
Project("{FAE04EC0-301F-11D3-BF4B-00C04F79EFBC}") = "ExamSystem.Core", "ExamSystem.Core\ExamSystem.Core.csproj", "{78CD1F80-8EFC-4C7E-902C-53FD9DB2499F}"
EndProject
Project("{FAE04EC0-301F-11D3-BF4B-00C04F79EFBC}") = "ExamSystem.WpfNetCore", "ExamSystem.WpfNetCore\ExamSystem.WpfNetCore.csproj", "{7500F2FA-02FE-4F18-B122-F9B34EEA62AA}"
EndProject
Project("{FAE04EC0-301F-11D3-BF4B-00C04F79EFBC}") = "ExamSystem.Tests", "ExamSystem.Tests\ExamSystem.Tests.csproj", "{2A2614D4-E8E9-4FD6-A089-86383CE883B9}"
EndProject
Global
	GlobalSection(SolutionConfigurationPlatforms) = preSolution
		Debug|Any CPU = Debug|Any CPU
		Release|Any CPU = Release|Any CPU
	EndGlobalSection
	GlobalSection(ProjectConfigurationPlatforms) = postSolution
		{78CD1F80-8EFC-4C7E-902C-53FD9DB2499F}.Debug|Any CPU.ActiveCfg = Debug|Any CPU
		{78CD1F80-8EFC-4C7E-902C-53FD9DB2499F}.Debug|Any CPU.Build.0 = Debug|Any CPU
		{78CD1F80-8EFC-4C7E-902C-53FD9DB2499F}.Release|Any CPU.ActiveCfg = Release|Any CPU
		{78CD1F80-8EFC-4C7E-902C-53FD9DB2499F}.Release|Any CPU.Build.0 = Release|Any CPU
		{7500F2FA-02FE-4F18-B122-F9B34EEA62AA}.Debug|Any CPU.ActiveCfg = Debug|Any CPU
		{7500F2FA-02FE-4F18-B122-F9B34EEA62AA}.Debug|Any CPU.Build.0 = Debug|Any CPU
		{7500F2FA-02FE-4F18-B122-F9B34EEA62AA}.Release|Any CPU.ActiveCfg = Release|Any CPU
		{7500F2FA-02FE-4F18-B122-F9B34EEA62AA}.Release|Any CPU.Build.0 = Release|Any CPU
		{2A2614D4-E8E9-4FD6-A089-86383CE883B9}.Debug|Any CPU.ActiveCfg = Debug|Any CPU
		{2A2614D4-E8E9-4FD6-A089-86383CE883B9}.Debug|Any CPU.Build.0 = Debug|Any CPU
		{2A2614D4-E8E9-4FD6-A089-86383CE883B9}.Release|Any CPU.ActiveCfg = Release|Any CPU
		{2A2614D4-E8E9-4FD6-A089-86383CE883B9}.Release|Any CPU.Build.0 = Release|Any CPU
	EndGlobalSection
	GlobalSection(SolutionProperties) = preSolution
		HideSolutionNode = FALSE
	EndGlobalSection
	GlobalSection(ExtensibilityGlobals) = postSolution
		SolutionGuid = {002C7E48-6C98-4B25-B0B3-2CB74503DEBB}
	EndGlobalSection
EndGlobal
