
Microsoft Visual Studio Solution File, Format Version 12.00
# Visual Studio Version 16
VisualStudioVersion = 16.0.32106.194
MinimumVisualStudioVersion = 10.0.40219.1
Project("{FAE04EC0-301F-11D3-BF4B-00C04F79EFBC}") = "ExamSystem", "ExamSystem\ExamSystem.csproj", "{D4A29A8D-DB55-4434-9E04-621DB4EC5533}"
EndProject
Project("{9A19103F-16F7-4668-BE54-9A1E7A4F7556}") = "ExamSystemTDDTests", "ExamSystemTDDTests\ExamSystemTDDTests.csproj", "{AE73DC3F-84D1-4798-861A-6FBC14AA911D}"
EndProject
Global
	GlobalSection(SolutionConfigurationPlatforms) = preSolution
		Debug|Any CPU = Debug|Any CPU
		Release|Any CPU = Release|Any CPU
	EndGlobalSection
	GlobalSection(ProjectConfigurationPlatforms) = postSolution
		{D4A29A8D-DB55-4434-9E04-621DB4EC5533}.Debug|Any CPU.ActiveCfg = Debug|Any CPU
		{D4A29A8D-DB55-4434-9E04-621DB4EC5533}.Debug|Any CPU.Build.0 = Debug|Any CPU
		{D4A29A8D-DB55-4434-9E04-621DB4EC5533}.Release|Any CPU.ActiveCfg = Release|Any CPU
		{D4A29A8D-DB55-4434-9E04-621DB4EC5533}.Release|Any CPU.Build.0 = Release|Any CPU
		{AE73DC3F-84D1-4798-861A-6FBC14AA911D}.Debug|Any CPU.ActiveCfg = Debug|Any CPU
		{AE73DC3F-84D1-4798-861A-6FBC14AA911D}.Debug|Any CPU.Build.0 = Debug|Any CPU
		{AE73DC3F-84D1-4798-861A-6FBC14AA911D}.Release|Any CPU.ActiveCfg = Release|Any CPU
		{AE73DC3F-84D1-4798-861A-6FBC14AA911D}.Release|Any CPU.Build.0 = Release|Any CPU
	EndGlobalSection
	GlobalSection(SolutionProperties) = preSolution
		HideSolutionNode = FALSE
	EndGlobalSection
	GlobalSection(ExtensibilityGlobals) = postSolution
		SolutionGuid = {8E6C345A-3479-48CC-91EF-1828DE04FB8B}
	EndGlobalSection
EndGlobal
